
Microsoft Visual Studio Solution File, Format Version 12.00
# Visual Studio Version 16
VisualStudioVersion = 16.0.30503.244
MinimumVisualStudioVersion = 10.0.40219.1
Project("{FAE04EC0-301F-11D3-BF4B-00C04F79EFBC}") = "Set3-tablouri", "Set3-tablouri\Set3-tablouri.csproj", "{FFF48D19-E6F5-4552-BFCC-C98B9115DAAD}"
EndProject
Global
	GlobalSection(SolutionConfigurationPlatforms) = preSolution
		Debug|Any CPU = Debug|Any CPU
		Release|Any CPU = Release|Any CPU
	EndGlobalSection
	GlobalSection(ProjectConfigurationPlatforms) = postSolution
		{FFF48D19-E6F5-4552-BFCC-C98B9115DAAD}.Debug|Any CPU.ActiveCfg = Debug|Any CPU
		{FFF48D19-E6F5-4552-BFCC-C98B9115DAAD}.Debug|Any CPU.Build.0 = Debug|Any CPU
		{FFF48D19-E6F5-4552-BFCC-C98B9115DAAD}.Release|Any CPU.ActiveCfg = Release|Any CPU
		{FFF48D19-E6F5-4552-BFCC-C98B9115DAAD}.Release|Any CPU.Build.0 = Release|Any CPU
	EndGlobalSection
	GlobalSection(SolutionProperties) = preSolution
		HideSolutionNode = FALSE
	EndGlobalSection
	GlobalSection(ExtensibilityGlobals) = postSolution
		SolutionGuid = {C628189C-60A0-465D-A10F-7F8E7ABF2832}
	EndGlobalSection
EndGlobal
